
Microsoft Visual Studio Solution File, Format Version 12.00
# Visual Studio Version 17
VisualStudioVersion = 17.7.34018.315
MinimumVisualStudioVersion = 10.0.40219.1
Project("{9A19103F-16F7-4668-BE54-9A1E7A4F7556}") = "LapShop", "LapShop\LapShop.csproj", "{CEF07FBE-F273-4C89-80DA-7503746F54A5}"
EndProject
Project("{FAE04EC0-301F-11D3-BF4B-00C04F79EFBC}") = "Domains", "Domains\Domains.csproj", "{1FAA3529-9F5B-4415-BE68-89CC1DBEB0ED}"
EndProject
Project("{FAE04EC0-301F-11D3-BF4B-00C04F79EFBC}") = "BL", "BL\BL.csproj", "{AE5A6209-5046-4544-AFB8-DFE51C53FD16}"
EndProject
Global
	GlobalSection(SolutionConfigurationPlatforms) = preSolution
		Debug|Any CPU = Debug|Any CPU
		Release|Any CPU = Release|Any CPU
	EndGlobalSection
	GlobalSection(ProjectConfigurationPlatforms) = postSolution
		{CEF07FBE-F273-4C89-80DA-7503746F54A5}.Debug|Any CPU.ActiveCfg = Debug|Any CPU
		{CEF07FBE-F273-4C89-80DA-7503746F54A5}.Debug|Any CPU.Build.0 = Debug|Any CPU
		{CEF07FBE-F273-4C89-80DA-7503746F54A5}.Release|Any CPU.ActiveCfg = Release|Any CPU
		{CEF07FBE-F273-4C89-80DA-7503746F54A5}.Release|Any CPU.Build.0 = Release|Any CPU
		{1FAA3529-9F5B-4415-BE68-89CC1DBEB0ED}.Debug|Any CPU.ActiveCfg = Debug|Any CPU
		{1FAA3529-9F5B-4415-BE68-89CC1DBEB0ED}.Debug|Any CPU.Build.0 = Debug|Any CPU
		{1FAA3529-9F5B-4415-BE68-89CC1DBEB0ED}.Release|Any CPU.ActiveCfg = Release|Any CPU
		{1FAA3529-9F5B-4415-BE68-89CC1DBEB0ED}.Release|Any CPU.Build.0 = Release|Any CPU
		{AE5A6209-5046-4544-AFB8-DFE51C53FD16}.Debug|Any CPU.ActiveCfg = Debug|Any CPU
		{AE5A6209-5046-4544-AFB8-DFE51C53FD16}.Debug|Any CPU.Build.0 = Debug|Any CPU
		{AE5A6209-5046-4544-AFB8-DFE51C53FD16}.Release|Any CPU.ActiveCfg = Release|Any CPU
		{AE5A6209-5046-4544-AFB8-DFE51C53FD16}.Release|Any CPU.Build.0 = Release|Any CPU
	EndGlobalSection
	GlobalSection(SolutionProperties) = preSolution
		HideSolutionNode = FALSE
	EndGlobalSection
	GlobalSection(ExtensibilityGlobals) = postSolution
		SolutionGuid = {D8E5FD22-3E1B-460F-99E1-D90600C5648E}
	EndGlobalSection
EndGlobal
